
Microsoft Visual Studio Solution File, Format Version 12.00
# Visual Studio Version 16
VisualStudioVersion = 16.0.30011.22
MinimumVisualStudioVersion = 10.0.40219.1
Project("{888888A0-9F3D-457C-B088-3A5042F75D52}") = "MinecraftChatReader", "MinecraftChatReader.pyproj", "{B131099D-DB57-4737-9F5D-AF1472D16235}"
EndProject
Global
	GlobalSection(SolutionConfigurationPlatforms) = preSolution
		Debug|Any CPU = Debug|Any CPU
		Release|Any CPU = Release|Any CPU
	EndGlobalSection
	GlobalSection(ProjectConfigurationPlatforms) = postSolution
		{B131099D-DB57-4737-9F5D-AF1472D16235}.Debug|Any CPU.ActiveCfg = Debug|Any CPU
		{B131099D-DB57-4737-9F5D-AF1472D16235}.Release|Any CPU.ActiveCfg = Release|Any CPU
	EndGlobalSection
	GlobalSection(SolutionProperties) = preSolution
		HideSolutionNode = FALSE
	EndGlobalSection
	GlobalSection(ExtensibilityGlobals) = postSolution
		SolutionGuid = {38ED442C-7F6A-401B-903A-62875EB54D52}
	EndGlobalSection
EndGlobal
